
Microsoft Visual Studio Solution File, Format Version 12.00
# Visual Studio Version 16
VisualStudioVersion = 16.0.29905.134
MinimumVisualStudioVersion = 10.0.40219.1
Project("{8BC9CEB8-8B4A-11D0-8D11-00A0C91BC942}") = "Luma", "Luma.vcxproj", "{7D2B5C1C-FDA0-464E-87D2-B333BA0C5886}"
EndProject
Global
	GlobalSection(SolutionConfigurationPlatforms) = preSolution
		Debug|x64 = Debug|x64
		Release|x64 = Release|x64
	EndGlobalSection
	GlobalSection(ProjectConfigurationPlatforms) = postSolution
		{7D2B5C1C-FDA0-464E-87D2-B333BA0C5886}.Debug|x64.ActiveCfg = Debug|x64
		{7D2B5C1C-FDA0-464E-87D2-B333BA0C5886}.Debug|x64.Build.0 = Debug|x64
		{7D2B5C1C-FDA0-464E-87D2-B333BA0C5886}.Release|x64.ActiveCfg = Release|x64
		{7D2B5C1C-FDA0-464E-87D2-B333BA0C5886}.Release|x64.Build.0 = Release|x64
	EndGlobalSection
	GlobalSection(SolutionProperties) = preSolution
		HideSolutionNode = FALSE
	EndGlobalSection
	GlobalSection(ExtensibilityGlobals) = postSolution
		SolutionGuid = {3DDA0FC8-6979-44CA-8BE9-83B34ACF31EE}
	EndGlobalSection
EndGlobal
